// !$*UTF8*$!
{
	archiveVersion = 1;
	classes = {
	};
	objectVersion = 46;
	objects = {

/* Begin PBXBuildFile section */
		847F6E791F51D91F00ECE32C /* AppDelegate.swift in Sources */ = {isa = PBXBuildFile; fileRef = 847F6E781F51D91F00ECE32C /* AppDelegate.swift */; };
		847F6E7B1F51D91F00ECE32C /* AutoCompleteViewController.swift in Sources */ = {isa = PBXBuildFile; fileRef = 847F6E7A1F51D91F00ECE32C /* AutoCompleteViewController.swift */; };
		847F6E7E1F51D91F00ECE32C /* Main.storyboard in Resources */ = {isa = PBXBuildFile; fileRef = 847F6E7C1F51D91F00ECE32C /* Main.storyboard */; };
		847F6E801F51D91F00ECE32C /* Assets.xcassets in Resources */ = {isa = PBXBuildFile; fileRef = 847F6E7F1F51D91F00ECE32C /* Assets.xcassets */; };
		847F6E831F51D91F00ECE32C /* LaunchScreen.storyboard in Resources */ = {isa = PBXBuildFile; fileRef = 847F6E811F51D91F00ECE32C /* LaunchScreen.storyboard */; };
		847F6E8B1F51DA8000ECE32C /* Constants.swift in Sources */ = {isa = PBXBuildFile; fileRef = 847F6E8A1F51DA8000ECE32C /* Constants.swift */; };
		847F6E8D1F51E4BD00ECE32C /* LocationRequest.swift in Sources */ = {isa = PBXBuildFile; fileRef = 847F6E8C1F51E4BD00ECE32C /* LocationRequest.swift */; };
		847F6E8F1F51F5C700ECE32C /* LocationClient.swift in Sources */ = {isa = PBXBuildFile; fileRef = 847F6E8E1F51F5C700ECE32C /* LocationClient.swift */; };
		847F6E921F51F6FB00ECE32C /* AutoComplete.swift in Sources */ = {isa = PBXBuildFile; fileRef = 847F6E911F51F6FB00ECE32C /* AutoComplete.swift */; };
		847F6E941F51F98600ECE32C /* Podfile in Resources */ = {isa = PBXBuildFile; fileRef = 847F6E931F51F98600ECE32C /* Podfile */; };
		847F6E971F5209AF00ECE32C /* AutoCompleteCell.swift in Sources */ = {isa = PBXBuildFile; fileRef = 847F6E961F5209AF00ECE32C /* AutoCompleteCell.swift */; };
		A034BFEE6F5758A1E8EA779D /* Pods_LookLoc.framework in Frameworks */ = {isa = PBXBuildFile; fileRef = 1F0511180071FC89CFCB6E10 /* Pods_LookLoc.framework */; };
/* End PBXBuildFile section */

/* Begin PBXFileReference section */
		1F0511180071FC89CFCB6E10 /* Pods_LookLoc.framework */ = {isa = PBXFileReference; explicitFileType = wrapper.framework; includeInIndex = 0; path = Pods_LookLoc.framework; sourceTree = BUILT_PRODUCTS_DIR; };
		847F6E751F51D91F00ECE32C /* LookLoc.app */ = {isa = PBXFileReference; explicitFileType = wrapper.application; includeInIndex = 0; path = LookLoc.app; sourceTree = BUILT_PRODUCTS_DIR; };
		847F6E781F51D91F00ECE32C /* AppDelegate.swift */ = {isa = PBXFileReference; lastKnownFileType = sourcecode.swift; path = AppDelegate.swift; sourceTree = "<group>"; };
		847F6E7A1F51D91F00ECE32C /* AutoCompleteViewController.swift */ = {isa = PBXFileReference; lastKnownFileType = sourcecode.swift; path = AutoCompleteViewController.swift; sourceTree = "<group>"; };
		847F6E7D1F51D91F00ECE32C /* Base */ = {isa = PBXFileReference; lastKnownFileType = file.storyboard; name = Base; path = Base.lproj/Main.storyboard; sourceTree = "<group>"; };
		847F6E7F1F51D91F00ECE32C /* Assets.xcassets */ = {isa = PBXFileReference; lastKnownFileType = folder.assetcatalog; path = Assets.xcassets; sourceTree = "<group>"; };
		847F6E821F51D91F00ECE32C /* Base */ = {isa = PBXFileReference; lastKnownFileType = file.storyboard; name = Base; path = Base.lproj/LaunchScreen.storyboard; sourceTree = "<group>"; };
		847F6E841F51D91F00ECE32C /* Info.plist */ = {isa = PBXFileReference; lastKnownFileType = text.plist.xml; path = Info.plist; sourceTree = "<group>"; };
		847F6E8A1F51DA8000ECE32C /* Constants.swift */ = {isa = PBXFileReference; fileEncoding = 4; lastKnownFileType = sourcecode.swift; path = Constants.swift; sourceTree = "<group>"; };
		847F6E8C1F51E4BD00ECE32C /* LocationRequest.swift */ = {isa = PBXFileReference; fileEncoding = 4; lastKnownFileType = sourcecode.swift; path = LocationRequest.swift; sourceTree = "<group>"; };
		847F6E8E1F51F5C700ECE32C /* LocationClient.swift */ = {isa = PBXFileReference; fileEncoding = 4; lastKnownFileType = sourcecode.swift; path = LocationClient.swift; sourceTree = "<group>"; };
		847F6E911F51F6FB00ECE32C /* AutoComplete.swift */ = {isa = PBXFileReference; fileEncoding = 4; lastKnownFileType = sourcecode.swift; path = AutoComplete.swift; sourceTree = "<group>"; };
		847F6E931F51F98600ECE32C /* Podfile */ = {isa = PBXFileReference; fileEncoding = 4; lastKnownFileType = text; name = Podfile; path = LookLoc/Podfile; sourceTree = "<group>"; };
		847F6E961F5209AF00ECE32C /* AutoCompleteCell.swift */ = {isa = PBXFileReference; fileEncoding = 4; lastKnownFileType = sourcecode.swift; path = AutoCompleteCell.swift; sourceTree = "<group>"; };
		945186EAAB52DF2BBF77F37D /* Pods-LookLoc.release.xcconfig */ = {isa = PBXFileReference; includeInIndex = 1; lastKnownFileType = text.xcconfig; name = "Pods-LookLoc.release.xcconfig"; path = "Pods/Target Support Files/Pods-LookLoc/Pods-LookLoc.release.xcconfig"; sourceTree = "<group>"; };
		A24F52AF8AF6C31EB8FAF5F3 /* Pods-LookLoc.debug.xcconfig */ = {isa = PBXFileReference; includeInIndex = 1; lastKnownFileType = text.xcconfig; name = "Pods-LookLoc.debug.xcconfig"; path = "Pods/Target Support Files/Pods-LookLoc/Pods-LookLoc.debug.xcconfig"; sourceTree = "<group>"; };
/* End PBXFileReference section */

/* Begin PBXFrameworksBuildPhase section */
		847F6E721F51D91F00ECE32C /* Frameworks */ = {
			isa = PBXFrameworksBuildPhase;
			buildActionMask = 2147483647;
			files = (
				A034BFEE6F5758A1E8EA779D /* Pods_LookLoc.framework in Frameworks */,
			);
			runOnlyForDeploymentPostprocessing = 0;
		};
/* End PBXFrameworksBuildPhase section */

/* Begin PBXGroup section */
		44ED3C56850E4AAF16D40C2B /* Pods */ = {
			isa = PBXGroup;
			children = (
				A24F52AF8AF6C31EB8FAF5F3 /* Pods-LookLoc.debug.xcconfig */,
				945186EAAB52DF2BBF77F37D /* Pods-LookLoc.release.xcconfig */,
			);
			name = Pods;
			sourceTree = "<group>";
		};
		74D386D67A73F3BCF21BAB75 /* Frameworks */ = {
			isa = PBXGroup;
			children = (
				1F0511180071FC89CFCB6E10 /* Pods_LookLoc.framework */,
			);
			name = Frameworks;
			sourceTree = "<group>";
		};
		847F6E6C1F51D91F00ECE32C = {
			isa = PBXGroup;
			children = (
				847F6E771F51D91F00ECE32C /* LookLoc */,
				847F6E761F51D91F00ECE32C /* Products */,
				847F6E931F51F98600ECE32C /* Podfile */,
				44ED3C56850E4AAF16D40C2B /* Pods */,
				74D386D67A73F3BCF21BAB75 /* Frameworks */,
			);
			sourceTree = "<group>";
		};
		847F6E761F51D91F00ECE32C /* Products */ = {
			isa = PBXGroup;
			children = (
				847F6E751F51D91F00ECE32C /* LookLoc.app */,
			);
			name = Products;
			sourceTree = "<group>";
		};
		847F6E771F51D91F00ECE32C /* LookLoc */ = {
			isa = PBXGroup;
			children = (
				847F6E781F51D91F00ECE32C /* AppDelegate.swift */,
				847F6E901F51F5CD00ECE32C /* Networking */,
				847F6E981F5209B700ECE32C /* Views */,
				847F6E951F5208F500ECE32C /* View Controllers */,
				847F6E7C1F51D91F00ECE32C /* Main.storyboard */,
				847F6E7F1F51D91F00ECE32C /* Assets.xcassets */,
				847F6E811F51D91F00ECE32C /* LaunchScreen.storyboard */,
				847F6E841F51D91F00ECE32C /* Info.plist */,
			);
			path = LookLoc;
			sourceTree = "<group>";
		};
		847F6E901F51F5CD00ECE32C /* Networking */ = {
			isa = PBXGroup;
			children = (
				847F6E8A1F51DA8000ECE32C /* Constants.swift */,
				847F6E8C1F51E4BD00ECE32C /* LocationRequest.swift */,
				847F6E8E1F51F5C700ECE32C /* LocationClient.swift */,
				847F6E911F51F6FB00ECE32C /* AutoComplete.swift */,
			);
			name = Networking;
			sourceTree = "<group>";
		};
		847F6E951F5208F500ECE32C /* View Controllers */ = {
			isa = PBXGroup;
			children = (
				847F6E7A1F51D91F00ECE32C /* AutoCompleteViewController.swift */,
			);
			name = "View Controllers";
			sourceTree = "<group>";
		};
		847F6E981F5209B700ECE32C /* Views */ = {
			isa = PBXGroup;
			children = (
				847F6E961F5209AF00ECE32C /* AutoCompleteCell.swift */,
			);
			name = Views;
			sourceTree = "<group>";
		};
/* End PBXGroup section */

/* Begin PBXNativeTarget section */
		847F6E741F51D91F00ECE32C /* LookLoc */ = {
			isa = PBXNativeTarget;
			buildConfigurationList = 847F6E871F51D91F00ECE32C /* Build configuration list for PBXNativeTarget "LookLoc" */;
			buildPhases = (
				25B43F5D08857ECDF023016E /* [CP] Check Pods Manifest.lock */,
				847F6E711F51D91F00ECE32C /* Sources */,
				847F6E721F51D91F00ECE32C /* Frameworks */,
				847F6E731F51D91F00ECE32C /* Resources */,
				BEA8F195E506840F02C75575 /* [CP] Embed Pods Frameworks */,
				DCCE77216C0601709F755066 /* [CP] Copy Pods Resources */,
			);
			buildRules = (
			);
			dependencies = (
			);
			name = LookLoc;
			productName = LookLoc;
			productReference = 847F6E751F51D91F00ECE32C /* LookLoc.app */;
			productType = "com.apple.product-type.application";
		};
/* End PBXNativeTarget section */

/* Begin PBXProject section */
		847F6E6D1F51D91F00ECE32C /* Project object */ = {
			isa = PBXProject;
			attributes = {
				LastSwiftUpdateCheck = 0830;
				LastUpgradeCheck = 0830;
				ORGANIZATIONNAME = pengQueenie;
				TargetAttributes = {
					847F6E741F51D91F00ECE32C = {
						CreatedOnToolsVersion = 8.3.3;
						DevelopmentTeam = ZS6TM2NW2R;
						ProvisioningStyle = Automatic;
					};
				};
			};
			buildConfigurationList = 847F6E701F51D91F00ECE32C /* Build configuration list for PBXProject "LookLoc" */;
			compatibilityVersion = "Xcode 3.2";
			developmentRegion = English;
			hasScannedForEncodings = 0;
			knownRegions = (
				en,
				Base,
			);
			mainGroup = 847F6E6C1F51D91F00ECE32C;
			productRefGroup = 847F6E761F51D91F00ECE32C /* Products */;
			projectDirPath = "";
			projectRoot = "";
			targets = (
				847F6E741F51D91F00ECE32C /* LookLoc */,
			);
		};
/* End PBXProject section */

/* Begin PBXResourcesBuildPhase section */
		847F6E731F51D91F00ECE32C /* Resources */ = {
			isa = PBXResourcesBuildPhase;
			buildActionMask = 2147483647;
			files = (
				847F6E831F51D91F00ECE32C /* LaunchScreen.storyboard in Resources */,
				847F6E801F51D91F00ECE32C /* Assets.xcassets in Resources */,
				847F6E941F51F98600ECE32C /* Podfile in Resources */,
				847F6E7E1F51D91F00ECE32C /* Main.storyboard in Resources */,
			);
			runOnlyForDeploymentPostprocessing = 0;
		};
/* End PBXResourcesBuildPhase section */

/* Begin PBXShellScriptBuildPhase section */
		25B43F5D08857ECDF023016E /* [CP] Check Pods Manifest.lock */ = {
			isa = PBXShellScriptBuildPhase;
			buildActionMask = 2147483647;
			files = (
			);
			inputPaths = (
				"${PODS_PODFILE_DIR_PATH}/Podfile.lock",
				"${PODS_ROOT}/Manifest.lock",
			);
			name = "[CP] Check Pods Manifest.lock";
			outputPaths = (
				"$(DERIVED_FILE_DIR)/Pods-LookLoc-checkManifestLockResult.txt",
			);
			runOnlyForDeploymentPostprocessing = 0;
			shellPath = /bin/sh;
			shellScript = "diff \"${PODS_PODFILE_DIR_PATH}/Podfile.lock\" \"${PODS_ROOT}/Manifest.lock\" > /dev/null\nif [ $? != 0 ] ; then\n    # print error to STDERR\n    echo \"error: The sandbox is not in sync with the Podfile.lock. Run 'pod install' or update your CocoaPods installation.\" >&2\n    exit 1\nfi\n# This output is used by Xcode 'outputs' to avoid re-running this script phase.\necho \"SUCCESS\" > \"${SCRIPT_OUTPUT_FILE_0}\"\n";
			showEnvVarsInLog = 0;
		};
		BEA8F195E506840F02C75575 /* [CP] Embed Pods Frameworks */ = {
			isa = PBXShellScriptBuildPhase;
			buildActionMask = 2147483647;
			files = (
			);
			inputPaths = (
				"${SRCROOT}/Pods/Target Support Files/Pods-LookLoc/Pods-LookLoc-frameworks.sh",
				"${BUILT_PRODUCTS_DIR}/Alamofire/Alamofire.framework",
			);
			name = "[CP] Embed Pods Frameworks";
			outputPaths = (
				"${TARGET_BUILD_DIR}/${FRAMEWORKS_FOLDER_PATH}/Alamofire.framework",
			);
			runOnlyForDeploymentPostprocessing = 0;
			shellPath = /bin/sh;
			shellScript = "\"${SRCROOT}/Pods/Target Support Files/Pods-LookLoc/Pods-LookLoc-frameworks.sh\"\n";
			showEnvVarsInLog = 0;
		};
		DCCE77216C0601709F755066 /* [CP] Copy Pods Resources */ = {
			isa = PBXShellScriptBuildPhase;
			buildActionMask = 2147483647;
			files = (
			);
			inputPaths = (
			);
			name = "[CP] Copy Pods Resources";
			outputPaths = (
			);
			runOnlyForDeploymentPostprocessing = 0;
			shellPath = /bin/sh;
			shellScript = "\"${SRCROOT}/Pods/Target Support Files/Pods-LookLoc/Pods-LookLoc-resources.sh\"\n";
			showEnvVarsInLog = 0;
		};
/* End PBXShellScriptBuildPhase section */

/* Begin PBXSourcesBuildPhase section */
		847F6E711F51D91F00ECE32C /* Sources */ = {
			isa = PBXSourcesBuildPhase;
			buildActionMask = 2147483647;
			files = (
				847F6E7B1F51D91F00ECE32C /* AutoCompleteViewController.swift in Sources */,
				847F6E921F51F6FB00ECE32C /* AutoComplete.swift in Sources */,
				847F6E791F51D91F00ECE32C /* AppDelegate.swift in Sources */,
				847F6E8F1F51F5C700ECE32C /* LocationClient.swift in Sources */,
				847F6E8D1F51E4BD00ECE32C /* LocationRequest.swift in Sources */,
				847F6E8B1F51DA8000ECE32C /* Constants.swift in Sources */,
				847F6E971F5209AF00ECE32C /* AutoCompleteCell.swift in Sources */,
			);
			runOnlyForDeploymentPostprocessing = 0;
		};
/* End PBXSourcesBuildPhase section */

/* Begin PBXVariantGroup section */
		847F6E7C1F51D91F00ECE32C /* Main.storyboard */ = {
			isa = PBXVariantGroup;
			children = (
				847F6E7D1F51D91F00ECE32C /* Base */,
			);
			name = Main.storyboard;
			sourceTree = "<group>";
		};
		847F6E811F51D91F00ECE32C /* LaunchScreen.storyboard */ = {
			isa = PBXVariantGroup;
			children = (
				847F6E821F51D91F00ECE32C /* Base */,
			);
			name = LaunchScreen.storyboard;
			sourceTree = "<group>";
		};
/* End PBXVariantGroup section */

/* Begin XCBuildConfiguration section */
		847F6E851F51D91F00ECE32C /* Debug */ = {
			isa = XCBuildConfiguration;
			buildSettings = {
				ALWAYS_SEARCH_USER_PATHS = NO;
				CLANG_ANALYZER_NONNULL = YES;
				CLANG_ANALYZER_NUMBER_OBJECT_CONVERSION = YES_AGGRESSIVE;
				CLANG_CXX_LANGUAGE_STANDARD = "gnu++0x";
				CLANG_CXX_LIBRARY = "libc++";
				CLANG_ENABLE_MODULES = YES;
				CLANG_ENABLE_OBJC_ARC = YES;
				CLANG_WARN_BOOL_CONVERSION = YES;
				CLANG_WARN_CONSTANT_CONVERSION = YES;
				CLANG_WARN_DIRECT_OBJC_ISA_USAGE = YES_ERROR;
				CLANG_WARN_DOCUMENTATION_COMMENTS = YES;
				CLANG_WARN_EMPTY_BODY = YES;
				CLANG_WARN_ENUM_CONVERSION = YES;
				CLANG_WARN_INFINITE_RECURSION = YES;
				CLANG_WARN_INT_CONVERSION = YES;
				CLANG_WARN_OBJC_ROOT_CLASS = YES_ERROR;
				CLANG_WARN_SUSPICIOUS_MOVE = YES;
				CLANG_WARN_UNREACHABLE_CODE = YES;
				CLANG_WARN__DUPLICATE_METHOD_MATCH = YES;
				"CODE_SIGN_IDENTITY[sdk=iphoneos*]" = "iPhone Developer";
				COPY_PHASE_STRIP = NO;
				DEBUG_INFORMATION_FORMAT = dwarf;
				ENABLE_STRICT_OBJC_MSGSEND = YES;
				ENABLE_TESTABILITY = YES;
				GCC_C_LANGUAGE_STANDARD = gnu99;
				GCC_DYNAMIC_NO_PIC = NO;
				GCC_NO_COMMON_BLOCKS = YES;
				GCC_OPTIMIZATION_LEVEL = 0;
				GCC_PREPROCESSOR_DEFINITIONS = (
					"DEBUG=1",
					"$(inherited)",
				);
				GCC_WARN_64_TO_32_BIT_CONVERSION = YES;
				GCC_WARN_ABOUT_RETURN_TYPE = YES_ERROR;
				GCC_WARN_UNDECLARED_SELECTOR = YES;
				GCC_WARN_UNINITIALIZED_AUTOS = YES_AGGRESSIVE;
				GCC_WARN_UNUSED_FUNCTION = YES;
				GCC_WARN_UNUSED_VARIABLE = YES;
				IPHONEOS_DEPLOYMENT_TARGET = 10.3;
				MTL_ENABLE_DEBUG_INFO = YES;
				ONLY_ACTIVE_ARCH = YES;
				SDKROOT = iphoneos;
				SWIFT_ACTIVE_COMPILATION_CONDITIONS = DEBUG;
				SWIFT_OPTIMIZATION_LEVEL = "-Onone";
			};
			name = Debug;
		};
		847F6E861F51D91F00ECE32C /* Release */ = {
			isa = XCBuildConfiguration;
			buildSettings = {
				ALWAYS_SEARCH_USER_PATHS = NO;
				CLANG_ANALYZER_NONNULL = YES;
				CLANG_ANALYZER_NUMBER_OBJECT_CONVERSION = YES_AGGRESSIVE;
				CLANG_CXX_LANGUAGE_STANDARD = "gnu++0x";
				CLANG_CXX_LIBRARY = "libc++";
				CLANG_ENABLE_MODULES = YES;
				CLANG_ENABLE_OBJC_ARC = YES;
				CLANG_WARN_BOOL_CONVERSION = YES;
				CLANG_WARN_CONSTANT_CONVERSION = YES;
				CLANG_WARN_DIRECT_OBJC_ISA_USAGE = YES_ERROR;
				CLANG_WARN_DOCUMENTATION_COMMENTS = YES;
				CLANG_WARN_EMPTY_BODY = YES;
				CLANG_WARN_ENUM_CONVERSION = YES;
				CLANG_WARN_INFINITE_RECURSION = YES;
				CLANG_WARN_INT_CONVERSION = YES;
				CLANG_WARN_OBJC_ROOT_CLASS = YES_ERROR;
				CLANG_WARN_SUSPICIOUS_MOVE = YES;
				CLANG_WARN_UNREACHABLE_CODE = YES;
				CLANG_WARN__DUPLICATE_METHOD_MATCH = YES;
				"CODE_SIGN_IDENTITY[sdk=iphoneos*]" = "iPhone Developer";
				COPY_PHASE_STRIP = NO;
				DEBUG_INFORMATION_FORMAT = "dwarf-with-dsym";
				ENABLE_NS_ASSERTIONS = NO;
				ENABLE_STRICT_OBJC_MSGSEND = YES;
				GCC_C_LANGUAGE_STANDARD = gnu99;
				GCC_NO_COMMON_BLOCKS = YES;
				GCC_WARN_64_TO_32_BIT_CONVERSION = YES;
				GCC_WARN_ABOUT_RETURN_TYPE = YES_ERROR;
				GCC_WARN_UNDECLARED_SELECTOR = YES;
				GCC_WARN_UNINITIALIZED_AUTOS = YES_AGGRESSIVE;
				GCC_WARN_UNUSED_FUNCTION = YES;
				GCC_WARN_UNUSED_VARIABLE = YES;
				IPHONEOS_DEPLOYMENT_TARGET = 10.3;
				MTL_ENABLE_DEBUG_INFO = NO;
				SDKROOT = iphoneos;
				SWIFT_OPTIMIZATION_LEVEL = "-Owholemodule";
				VALIDATE_PRODUCT = YES;
			};
			name = Release;
		};
		847F6E881F51D91F00ECE32C /* Debug */ = {
			isa = XCBuildConfiguration;
			baseConfigurationReference = A24F52AF8AF6C31EB8FAF5F3 /* Pods-LookLoc.debug.xcconfig */;
			buildSettings = {
				ASSETCATALOG_COMPILER_APPICON_NAME = AppIcon;
				DEVELOPMENT_TEAM = ZS6TM2NW2R;
				INFOPLIST_FILE = LookLoc/Info.plist;
				LD_RUNPATH_SEARCH_PATHS = "$(inherited) @executable_path/Frameworks";
				PRODUCT_BUNDLE_IDENTIFIER = com.queeniepeng.LookLoc;
				PRODUCT_NAME = "$(TARGET_NAME)";
				SWIFT_VERSION = 3.0;
			};
			name = Debug;
		};
		847F6E891F51D91F00ECE32C /* Release */ = {
			isa = XCBuildConfiguration;
			baseConfigurationReference = 945186EAAB52DF2BBF77F37D /* Pods-LookLoc.release.xcconfig */;
			buildSettings = {
				ASSETCATALOG_COMPILER_APPICON_NAME = AppIcon;
				DEVELOPMENT_TEAM = ZS6TM2NW2R;
				INFOPLIST_FILE = LookLoc/Info.plist;
				LD_RUNPATH_SEARCH_PATHS = "$(inherited) @executable_path/Frameworks";
				PRODUCT_BUNDLE_IDENTIFIER = com.queeniepeng.LookLoc;
				PRODUCT_NAME = "$(TARGET_NAME)";
				SWIFT_VERSION = 3.0;
			};
			name = Release;
		};
/* End XCBuildConfiguration section */

/* Begin XCConfigurationList section */
		847F6E701F51D91F00ECE32C /* Build configuration list for PBXProject "LookLoc" */ = {
			isa = XCConfigurationList;
			buildConfigurations = (
				847F6E851F51D91F00ECE32C /* Debug */,
				847F6E861F51D91F00ECE32C /* Release */,
			);
			defaultConfigurationIsVisible = 0;
			defaultConfigurationName = Release;
		};
		847F6E871F51D91F00ECE32C /* Build configuration list for PBXNativeTarget "LookLoc" */ = {
			isa = XCConfigurationList;
			buildConfigurations = (
				847F6E881F51D91F00ECE32C /* Debug */,
				847F6E891F51D91F00ECE32C /* Release */,
			);
			defaultConfigurationIsVisible = 0;
			defaultConfigurationName = Release;
		};
/* End XCConfigurationList section */
	};
	rootObject = 847F6E6D1F51D91F00ECE32C /* Project object */;
}
